
Microsoft Visual Studio Solution File, Format Version 12.00
# Visual Studio 15
Project("{FAE04EC0-301F-11D3-BF4B-00C04F79EFBC}") = "ThirtyOne", "ThirtyOne\ThirtyOne.csproj", "{96026F1D-9E2F-4B56-9159-7B14B3C1F7F5}"
EndProject
Project("{FAE04EC0-301F-11D3-BF4B-00C04F79EFBC}") = "ThirtyOne.Shared", "ThirtyOne.Shared\ThirtyOne.Shared.csproj", "{0A437907-1420-4350-B3C8-74CD394157BB}"
EndProject
Global
	GlobalSection(SolutionConfigurationPlatforms) = preSolution
		Debug|Any CPU = Debug|Any CPU
		Release|Any CPU = Release|Any CPU
	EndGlobalSection
	GlobalSection(ProjectConfigurationPlatforms) = postSolution
		{96026F1D-9E2F-4B56-9159-7B14B3C1F7F5}.Debug|Any CPU.ActiveCfg = Debug|Any CPU
		{96026F1D-9E2F-4B56-9159-7B14B3C1F7F5}.Debug|Any CPU.Build.0 = Debug|Any CPU
		{96026F1D-9E2F-4B56-9159-7B14B3C1F7F5}.Release|Any CPU.ActiveCfg = Release|Any CPU
		{96026F1D-9E2F-4B56-9159-7B14B3C1F7F5}.Release|Any CPU.Build.0 = Release|Any CPU
		{0A437907-1420-4350-B3C8-74CD394157BB}.Debug|Any CPU.ActiveCfg = Debug|Any CPU
		{0A437907-1420-4350-B3C8-74CD394157BB}.Debug|Any CPU.Build.0 = Debug|Any CPU
		{0A437907-1420-4350-B3C8-74CD394157BB}.Release|Any CPU.ActiveCfg = Release|Any CPU
		{0A437907-1420-4350-B3C8-74CD394157BB}.Release|Any CPU.Build.0 = Release|Any CPU
	EndGlobalSection
EndGlobal
